
Microsoft Visual Studio Solution File, Format Version 12.00
# Visual Studio 2012
Project("{FAE04EC0-301F-11D3-BF4B-00C04F79EFBC}") = "CounterProject", "CounterProject\CounterProject.csproj", "{F01A1891-9D4C-469F-B035-9E25351903CC}"
EndProject
Project("{2150E333-8FDC-42A3-9474-1A3956D46DE8}") = "Web", "Web", "{828F914D-1C8F-4AE0-B4C0-A73EB972789B}"
EndProject
Project("{2150E333-8FDC-42A3-9474-1A3956D46DE8}") = "UnitTest", "UnitTest", "{48CA1034-30FC-4791-90C8-BC2959D3D221}"
EndProject
Project("{FAE04EC0-301F-11D3-BF4B-00C04F79EFBC}") = "CounterProjectTests", "CounterProjectTests\CounterProjectTests.csproj", "{AEDC41CD-0D33-44A5-B69A-5FF2E49DDED2}"
EndProject
Global
	GlobalSection(SolutionConfigurationPlatforms) = preSolution
		Debug|Any CPU = Debug|Any CPU
		Release|Any CPU = Release|Any CPU
	EndGlobalSection
	GlobalSection(ProjectConfigurationPlatforms) = postSolution
		{F01A1891-9D4C-469F-B035-9E25351903CC}.Debug|Any CPU.ActiveCfg = Debug|Any CPU
		{F01A1891-9D4C-469F-B035-9E25351903CC}.Debug|Any CPU.Build.0 = Debug|Any CPU
		{F01A1891-9D4C-469F-B035-9E25351903CC}.Release|Any CPU.ActiveCfg = Release|Any CPU
		{F01A1891-9D4C-469F-B035-9E25351903CC}.Release|Any CPU.Build.0 = Release|Any CPU
		{AEDC41CD-0D33-44A5-B69A-5FF2E49DDED2}.Debug|Any CPU.ActiveCfg = Debug|Any CPU
		{AEDC41CD-0D33-44A5-B69A-5FF2E49DDED2}.Debug|Any CPU.Build.0 = Debug|Any CPU
		{AEDC41CD-0D33-44A5-B69A-5FF2E49DDED2}.Release|Any CPU.ActiveCfg = Release|Any CPU
		{AEDC41CD-0D33-44A5-B69A-5FF2E49DDED2}.Release|Any CPU.Build.0 = Release|Any CPU
	EndGlobalSection
	GlobalSection(SolutionProperties) = preSolution
		HideSolutionNode = FALSE
	EndGlobalSection
	GlobalSection(NestedProjects) = preSolution
		{F01A1891-9D4C-469F-B035-9E25351903CC} = {828F914D-1C8F-4AE0-B4C0-A73EB972789B}
		{AEDC41CD-0D33-44A5-B69A-5FF2E49DDED2} = {48CA1034-30FC-4791-90C8-BC2959D3D221}
	EndGlobalSection
EndGlobal
